
Microsoft Visual Studio Solution File, Format Version 12.00
# Visual Studio 15
VisualStudioVersion = 15.0.28307.489
MinimumVisualStudioVersion = 10.0.40219.1
Project("{888888A0-9F3D-457C-B088-3A5042F75D52}") = "UDP", "UDP\UDP.pyproj", "{7624E697-CB4C-43C1-BC2C-A4ECCB6EFA73}"
EndProject
Project("{888888A0-9F3D-457C-B088-3A5042F75D52}") = "TCP", "TCP\TCP.pyproj", "{A55F7243-46B5-49B6-A556-C0C0A80F81A0}"
EndProject
Global
	GlobalSection(SolutionConfigurationPlatforms) = preSolution
		Debug|Any CPU = Debug|Any CPU
		Release|Any CPU = Release|Any CPU
	EndGlobalSection
	GlobalSection(ProjectConfigurationPlatforms) = postSolution
		{7624E697-CB4C-43C1-BC2C-A4ECCB6EFA73}.Debug|Any CPU.ActiveCfg = Debug|Any CPU
		{7624E697-CB4C-43C1-BC2C-A4ECCB6EFA73}.Release|Any CPU.ActiveCfg = Release|Any CPU
		{A55F7243-46B5-49B6-A556-C0C0A80F81A0}.Debug|Any CPU.ActiveCfg = Debug|Any CPU
		{A55F7243-46B5-49B6-A556-C0C0A80F81A0}.Release|Any CPU.ActiveCfg = Release|Any CPU
	EndGlobalSection
	GlobalSection(SolutionProperties) = preSolution
		HideSolutionNode = FALSE
	EndGlobalSection
	GlobalSection(ExtensibilityGlobals) = postSolution
		SolutionGuid = {B2583F89-60C7-4961-9142-79E164C8E0A7}
	EndGlobalSection
EndGlobal
